
Microsoft Visual Studio Solution File, Format Version 12.00
# Visual Studio 15
VisualStudioVersion = 15.0.27703.2035
MinimumVisualStudioVersion = 10.0.40219.1
Project("{8BC9CEB8-8B4A-11D0-8D11-00A0C91BC942}") = "brownieCounter", "brownieCounter\brownieCounter.vcxproj", "{A675EBA2-2C7C-494C-88CA-B5E3D98CF64F}"
EndProject
Global
	GlobalSection(SolutionConfigurationPlatforms) = preSolution
		Debug|x64 = Debug|x64
		Debug|x86 = Debug|x86
		Release|x64 = Release|x64
		Release|x86 = Release|x86
	EndGlobalSection
	GlobalSection(ProjectConfigurationPlatforms) = postSolution
		{A675EBA2-2C7C-494C-88CA-B5E3D98CF64F}.Debug|x64.ActiveCfg = Debug|x64
		{A675EBA2-2C7C-494C-88CA-B5E3D98CF64F}.Debug|x64.Build.0 = Debug|x64
		{A675EBA2-2C7C-494C-88CA-B5E3D98CF64F}.Debug|x86.ActiveCfg = Debug|Win32
		{A675EBA2-2C7C-494C-88CA-B5E3D98CF64F}.Debug|x86.Build.0 = Debug|Win32
		{A675EBA2-2C7C-494C-88CA-B5E3D98CF64F}.Release|x64.ActiveCfg = Release|x64
		{A675EBA2-2C7C-494C-88CA-B5E3D98CF64F}.Release|x64.Build.0 = Release|x64
		{A675EBA2-2C7C-494C-88CA-B5E3D98CF64F}.Release|x86.ActiveCfg = Release|Win32
		{A675EBA2-2C7C-494C-88CA-B5E3D98CF64F}.Release|x86.Build.0 = Release|Win32
	EndGlobalSection
	GlobalSection(SolutionProperties) = preSolution
		HideSolutionNode = FALSE
	EndGlobalSection
	GlobalSection(ExtensibilityGlobals) = postSolution
		SolutionGuid = {E5215D31-B422-4C3C-8D48-64A17925B072}
	EndGlobalSection
EndGlobal
